lockVersion: 2.0.0
id: 7bd92bd3-c565-48d6-8aad-a25e07bfd58d
management:
  docChecksum: b1fb881624e6a282c470615d04a9168d
  docVersion: 1.0.0
  speakeasyVersion: 1.636.2
  generationVersion: 2.723.8
  releaseVersion: 0.3.1
  configChecksum: 9e7839f444ef8d538b7e098236a535dc
features:
  mcp-typescript:
    additionalDependencies: 0.1.0
    constsAndDefaults: 0.1.0
    core: 0.5.0
    defaultEnabledRetries: 0.1.0
    enumUnions: 0.1.0
    globalSecurity: 0.1.1
    globalSecurityCallbacks: 0.0.0
    globalServerURLs: 0.1.0
    ignores: 0.1.0
    nameOverrides: 0.1.0
    responseFormat: 0.1.0
    retries: 0.1.0
    sdkHooks: 0.2.0
    serverIDs: 0.1.0
generatedFiles:
  - .dxtignore
  - .gitattributes
  - .npmignore
  - eslint.config.mjs
  - manifest.json
  - package.json
  - src/cloudflare-worker/cloudflare-worker.ts
  - src/cloudflare-worker/landing-page.ts
  - src/core.ts
  - src/funcs/getAnnouncements.ts
  - src/funcs/getArticle.ts
  - src/funcs/getPopularArticles.ts
  - src/funcs/getPortals.ts
  - src/funcs/makeSuggestion.ts
  - src/funcs/queryAnswers.ts
  - src/funcs/queryRetrieve.ts
  - src/funcs/querySearch.ts
  - src/hooks/hooks.ts
  - src/hooks/types.ts
  - src/lib/base64.ts
  - src/lib/config.ts
  - src/lib/dlv.ts
  - src/lib/encodings.ts
  - src/lib/env.ts
  - src/lib/files.ts
  - src/lib/http.ts
  - src/lib/is-plain-object.ts
  - src/lib/logger.ts
  - src/lib/matchers.ts
  - src/lib/primitives.ts
  - src/lib/result.ts
  - src/lib/retries.ts
  - src/lib/schemas.ts
  - src/lib/sdks.ts
  - src/lib/security.ts
  - src/lib/url.ts
  - src/mcp-server/build.mts
  - src/mcp-server/cli.ts
  - src/mcp-server/cli/start/command.ts
  - src/mcp-server/cli/start/impl.ts
  - src/mcp-server/console-logger.ts
  - src/mcp-server/extensions.ts
  - src/mcp-server/mcp-server.ts
  - src/mcp-server/prompts.ts
  - src/mcp-server/resources.ts
  - src/mcp-server/scopes.ts
  - src/mcp-server/server.ts
  - src/mcp-server/shared.ts
  - src/mcp-server/tools.ts
  - src/mcp-server/tools/getAnnouncements.ts
  - src/mcp-server/tools/getArticle.ts
  - src/mcp-server/tools/getPopularArticles.ts
  - src/mcp-server/tools/getPortals.ts
  - src/mcp-server/tools/makeSuggestion.ts
  - src/mcp-server/tools/queryAnswers.ts
  - src/mcp-server/tools/queryRetrieve.ts
  - src/mcp-server/tools/querySearch.ts
  - src/models/acceptlanguage.ts
  - src/models/accessibleportal.ts
  - src/models/additionalsnippets.ts
  - src/models/aisearchop.ts
  - src/models/allaccessibleportals.ts
  - src/models/answersrequest.ts
  - src/models/answersresponse.ts
  - src/models/article.ts
  - src/models/articleadditionalattributes.ts
  - src/models/articleattachment.ts
  - src/models/articleresult.ts
  - src/models/articleresults.ts
  - src/models/articlesearchresult.ts
  - src/models/articletype.ts
  - src/models/attachmentforcreatesuggestion.ts
  - src/models/bookmarkstatus.ts
  - src/models/complianceforarticle.ts
  - src/models/createdby.ts
  - src/models/createsuggestion.ts
  - src/models/customattribute.ts
  - src/models/department.ts
  - src/models/edition.ts
  - src/models/errors/apierror.ts
  - src/models/errors/httpclienterrors.ts
  - src/models/errors/sdkvalidationerror.ts
  - src/models/folderbreadcrumb.ts
  - src/models/foldersummary.ts
  - src/models/getannouncementarticlesop.ts
  - src/models/getarticlebyidop.ts
  - src/models/getmyportalsop.ts
  - src/models/getpopulararticlesop.ts
  - src/models/l10nstring.ts
  - src/models/languagecode.ts
  - src/models/languagecodeparameter.ts
  - src/models/languagequeryparameter.ts
  - src/models/link.ts
  - src/models/makesuggestionop.ts
  - src/models/mandatorylanguagequeryparameter.ts
  - src/models/milestone.ts
  - src/models/milestonename.ts
  - src/models/modifiedby.ts
  - src/models/order.ts
  - src/models/ownedby.ts
  - src/models/paginationinfo.ts
  - src/models/personalization.ts
  - src/models/postportalidanswersop.ts
  - src/models/postportalidretrieveop.ts
  - src/models/publishview.ts
  - src/models/referenceresponse.ts
  - src/models/retrieverequest.ts
  - src/models/retrieveresponse.ts
  - src/models/schemaslink.ts
  - src/models/searchresponse.ts
  - src/models/searchresult.ts
  - src/models/security.ts
  - src/models/shorturl.ts
  - src/models/sortidnamedepartment.ts
  - src/models/stage.ts
  - src/models/structuredauthoringfields.ts
  - src/models/tagcategory.ts
  - src/models/taggroup.ts
  - src/models/taggroups.ts
  - src/models/tags.ts
  - src/models/topicbreadcrumb.ts
  - src/models/topicsummary.ts
  - src/models/workflow.ts
  - src/models/workflowmilestone.ts
  - src/models/wserrorcommon.ts
  - src/types/async.ts
  - src/types/blobs.ts
  - src/types/enums.ts
  - src/types/fp.ts
  - src/types/rfcdate.ts
  - src/types/streams.ts
  - tsconfig.json
  - worker-configuration.d.ts
  - worker-configuration.ts
  - wrangler.toml
examplesVersion: 1.0.2
