speakeasyVersion: 1.636.2
sources:
    Retrieve API:
        sourceNamespace: retrieve-api
        sourceRevisionDigest: sha256:fe19d910e2840dd00a4c553753c1ff3ed60d8fc1cd1a01a79a0e0376eaaed642
        sourceBlobDigest: sha256:38f66cc329c9ac29541b112255b68d3828040563c4cc77868edc59680973cb60
        tags:
            - latest
            - 4.0.0
targets:
    egain-mcp:
        source: Retrieve API
        sourceNamespace: retrieve-api
        sourceRevisionDigest: sha256:fe19d910e2840dd00a4c553753c1ff3ed60d8fc1cd1a01a79a0e0376eaaed642
        sourceBlobDigest: sha256:38f66cc329c9ac29541b112255b68d3828040563c4cc77868edc59680973cb60
workflow:
    workflowVersion: 1.0.0
    speakeasyVersion: 1.636.2
    sources:
        Retrieve API:
            inputs:
                - location: demo.yaml
            output: .speakeasy/out.openapi.yaml
            registry:
                location: registry.speakeasyapi.dev/egain-corporation/mcp-test/retrieve-api
    targets:
        egain-mcp:
            target: mcp-typescript
            source: Retrieve API
